
Microsoft Visual Studio Solution File, Format Version 12.00
# Visual Studio Version 17
VisualStudioVersion = 17.9.34723.18
MinimumVisualStudioVersion = 10.0.40219.1
Project("{FAE04EC0-301F-11D3-BF4B-00C04F79EFBC}") = "MenuEjercicios", "MenuEjercicios\MenuEjercicios.csproj", "{05D88ECF-5FCD-48D3-9423-1923ACC2C7DF}"
EndProject
Global
	GlobalSection(SolutionConfigurationPlatforms) = preSolution
		Debug|Any CPU = Debug|Any CPU
		Release|Any CPU = Release|Any CPU
	EndGlobalSection
	GlobalSection(ProjectConfigurationPlatforms) = postSolution
		{05D88ECF-5FCD-48D3-9423-1923ACC2C7DF}.Debug|Any CPU.ActiveCfg = Debug|Any CPU
		{05D88ECF-5FCD-48D3-9423-1923ACC2C7DF}.Debug|Any CPU.Build.0 = Debug|Any CPU
		{05D88ECF-5FCD-48D3-9423-1923ACC2C7DF}.Debug|Any CPU.Deploy.0 = Debug|Any CPU
		{05D88ECF-5FCD-48D3-9423-1923ACC2C7DF}.Release|Any CPU.ActiveCfg = Release|Any CPU
		{05D88ECF-5FCD-48D3-9423-1923ACC2C7DF}.Release|Any CPU.Build.0 = Release|Any CPU
		{05D88ECF-5FCD-48D3-9423-1923ACC2C7DF}.Release|Any CPU.Deploy.0 = Release|Any CPU
	EndGlobalSection
	GlobalSection(SolutionProperties) = preSolution
		HideSolutionNode = FALSE
	EndGlobalSection
	GlobalSection(ExtensibilityGlobals) = postSolution
		SolutionGuid = {D78BDF8C-E995-4971-8261-66EA5CF57684}
	EndGlobalSection
EndGlobal
